
Microsoft Visual Studio Solution File, Format Version 12.00
# Visual Studio Version 17
VisualStudioVersion = 17.8.34525.116
MinimumVisualStudioVersion = 10.0.40219.1
Project("{FAE04EC0-301F-11D3-BF4B-00C04F79EFBC}") = "UsingBenchmarkNet", "UsingBenchmarkNet\UsingBenchmarkNet.csproj", "{2A2218F1-21C4-4D54-973D-6CF3714866FC}"
EndProject
Global
	GlobalSection(SolutionConfigurationPlatforms) = preSolution
		Debug|Any CPU = Debug|Any CPU
		Release|Any CPU = Release|Any CPU
	EndGlobalSection
	GlobalSection(ProjectConfigurationPlatforms) = postSolution
		{2A2218F1-21C4-4D54-973D-6CF3714866FC}.Debug|Any CPU.ActiveCfg = Debug|Any CPU
		{2A2218F1-21C4-4D54-973D-6CF3714866FC}.Debug|Any CPU.Build.0 = Debug|Any CPU
		{2A2218F1-21C4-4D54-973D-6CF3714866FC}.Release|Any CPU.ActiveCfg = Release|Any CPU
		{2A2218F1-21C4-4D54-973D-6CF3714866FC}.Release|Any CPU.Build.0 = Release|Any CPU
	EndGlobalSection
	GlobalSection(SolutionProperties) = preSolution
		HideSolutionNode = FALSE
	EndGlobalSection
	GlobalSection(ExtensibilityGlobals) = postSolution
		SolutionGuid = {F90BE1CC-97F3-4F22-B782-75AFACAF5C75}
	EndGlobalSection
EndGlobal
